
Microsoft Visual Studio Solution File, Format Version 11.00
# Visual Studio 2010
Project("{8BC9CEB8-8B4A-11D0-8D11-00A0C91BC942}") = "xuexi", "xuexi\xuexi.vcxproj", "{26924533-78CD-4A2D-B177-EF2861ED495D}"
EndProject
Global
	GlobalSection(SolutionConfigurationPlatforms) = preSolution
		Debug|Win32 = Debug|Win32
		Release|Win32 = Release|Win32
	EndGlobalSection
	GlobalSection(ProjectConfigurationPlatforms) = postSolution
		{26924533-78CD-4A2D-B177-EF2861ED495D}.Debug|Win32.ActiveCfg = Debug|Win32
		{26924533-78CD-4A2D-B177-EF2861ED495D}.Debug|Win32.Build.0 = Debug|Win32
		{26924533-78CD-4A2D-B177-EF2861ED495D}.Release|Win32.ActiveCfg = Release|Win32
		{26924533-78CD-4A2D-B177-EF2861ED495D}.Release|Win32.Build.0 = Release|Win32
	EndGlobalSection
	GlobalSection(SolutionProperties) = preSolution
		HideSolutionNode = FALSE
	EndGlobalSection
EndGlobal
